# THIS IS AN AUTOGENERATED FILE. DO NOT EDIT THIS FILE DIRECTLY.
# yarn lockfile v1


kafka-js@^0.0.0:
  version "0.0.0"
  resolved "https://registry.yarnpkg.com/kafka-js/-/kafka-js-0.0.0.tgz#28920b799c0e331da03a0b9866ed0a6da6b0e64e"
  integrity sha512-+BTrKR1dTp1iomh1AlANAB9dBx/1IqHnZvt8L5hQHTxB6/Ykm4UACnNHn4K75bUvYxfIzeYjb9Tr25w6257ksg==

kafkajs@^2.2.4:
  version "2.2.4"
  resolved "https://registry.yarnpkg.com/kafkajs/-/kafkajs-2.2.4.tgz#59e6e16459d87fdf8b64be73970ed5aa42370a5b"
  integrity sha512-j/YeapB1vfPT2iOIUn/vxdyKEuhuY2PxMBvf5JWux6iSaukAccrMtXEY/Lb7OvavDhOWME589bpLrEdnVHjfjA==
